// !$*UTF8*$!
{
	archiveVersion = 1;
	classes = {
	};
	objectVersion = 56;
	objects = {

/* Begin PBXBuildFile section */
		AA366FE92927F6C800013BE9 /* CalculatorFFIExample_iOSApp.swift in Sources */ = {isa = PBXBuildFile; fileRef = AA366FE82927F6C800013BE9 /* CalculatorFFIExample_iOSApp.swift */; };
		AA366FEB2927F6C800013BE9 /* ContentView.swift in Sources */ = {isa = PBXBuildFile; fileRef = AA366FEA2927F6C800013BE9 /* ContentView.swift */; };
		AA366FED2927F6C900013BE9 /* Assets.xcassets in Resources */ = {isa = PBXBuildFile; fileRef = AA366FEC2927F6C900013BE9 /* Assets.xcassets */; };
		AA366FF02927F6C900013BE9 /* Preview Assets.xcassets in Resources */ = {isa = PBXBuildFile; fileRef = AA366FEF2927F6C900013BE9 /* Preview Assets.xcassets */; };
		AA366FFA2927F6C900013BE9 /* CalculatorFFIExample_iOSTests.swift in Sources */ = {isa = PBXBuildFile; fileRef = AA366FF92927F6C900013BE9 /* CalculatorFFIExample_iOSTests.swift */; };
		AA3670042927F6C900013BE9 /* CalculatorFFIExample_iOSUITests.swift in Sources */ = {isa = PBXBuildFile; fileRef = AA3670032927F6C900013BE9 /* CalculatorFFIExample_iOSUITests.swift */; };
		AA3670062927F6C900013BE9 /* CalculatorFFIExample_iOSUITestsLaunchTests.swift in Sources */ = {isa = PBXBuildFile; fileRef = AA3670052927F6C900013BE9 /* CalculatorFFIExample_iOSUITestsLaunchTests.swift */; };
		AA3670162927F79900013BE9 /* Calculator in Frameworks */ = {isa = PBXBuildFile; productRef = AA3670152927F79900013BE9 /* Calculator */; };
/* End PBXBuildFile section */

/* Begin PBXContainerItemProxy section */
		AA366FF62927F6C900013BE9 /* PBXContainerItemProxy */ = {
			isa = PBXContainerItemProxy;
			containerPortal = AA366FDD2927F6C800013BE9 /* Project object */;
			proxyType = 1;
			remoteGlobalIDString = AA366FE42927F6C800013BE9;
			remoteInfo = "CalculatorFFIExample-iOS";
		};
		AA3670002927F6C900013BE9 /* PBXContainerItemProxy */ = {
			isa = PBXContainerItemProxy;
			containerPortal = AA366FDD2927F6C800013BE9 /* Project object */;
			proxyType = 1;
			remoteGlobalIDString = AA366FE42927F6C800013BE9;
			remoteInfo = "CalculatorFFIExample-iOS";
		};
/* End PBXContainerItemProxy section */

/* Begin PBXFileReference section */
		AA366FE52927F6C800013BE9 /* CalculatorFFIExample-iOS.app */ = {isa = PBXFileReference; explicitFileType = wrapper.application; includeInIndex = 0; path = "CalculatorFFIExample-iOS.app"; sourceTree = BUILT_PRODUCTS_DIR; };
		AA366FE82927F6C800013BE9 /* CalculatorFFIExample_iOSApp.swift */ = {isa = PBXFileReference; lastKnownFileType = sourcecode.swift; path = CalculatorFFIExample_iOSApp.swift; sourceTree = "<group>"; };
		AA366FEA2927F6C800013BE9 /* ContentView.swift */ = {isa = PBXFileReference; lastKnownFileType = sourcecode.swift; path = ContentView.swift; sourceTree = "<group>"; };
		AA366FEC2927F6C900013BE9 /* Assets.xcassets */ = {isa = PBXFileReference; lastKnownFileType = folder.assetcatalog; path = Assets.xcassets; sourceTree = "<group>"; };
		AA366FEF2927F6C900013BE9 /* Preview Assets.xcassets */ = {isa = PBXFileReference; lastKnownFileType = folder.assetcatalog; path = "Preview Assets.xcassets"; sourceTree = "<group>"; };
		AA366FF52927F6C900013BE9 /* CalculatorFFIExample-iOSTests.xctest */ = {isa = PBXFileReference; explicitFileType = wrapper.cfbundle; includeInIndex = 0; path = "CalculatorFFIExample-iOSTests.xctest"; sourceTree = BUILT_PRODUCTS_DIR; };
		AA366FF92927F6C900013BE9 /* CalculatorFFIExample_iOSTests.swift */ = {isa = PBXFileReference; lastKnownFileType = sourcecode.swift; path = CalculatorFFIExample_iOSTests.swift; sourceTree = "<group>"; };
		AA366FFF2927F6C900013BE9 /* CalculatorFFIExample-iOSUITests.xctest */ = {isa = PBXFileReference; explicitFileType = wrapper.cfbundle; includeInIndex = 0; path = "CalculatorFFIExample-iOSUITests.xctest"; sourceTree = BUILT_PRODUCTS_DIR; };
		AA3670032927F6C900013BE9 /* CalculatorFFIExample_iOSUITests.swift */ = {isa = PBXFileReference; lastKnownFileType = sourcecode.swift; path = CalculatorFFIExample_iOSUITests.swift; sourceTree = "<group>"; };
		AA3670052927F6C900013BE9 /* CalculatorFFIExample_iOSUITestsLaunchTests.swift */ = {isa = PBXFileReference; lastKnownFileType = sourcecode.swift; path = CalculatorFFIExample_iOSUITestsLaunchTests.swift; sourceTree = "<group>"; };
		AA3670132927F78200013BE9 /* calculator-swift */ = {isa = PBXFileReference; lastKnownFileType = wrapper; name = "calculator-swift"; path = "../../../calculator-swift"; sourceTree = "<group>"; };
/* End PBXFileReference section */

/* Begin PBXFrameworksBuildPhase section */
		AA366FE22927F6C800013BE9 /* Frameworks */ = {
			isa = PBXFrameworksBuildPhase;
			buildActionMask = 2147483647;
			files = (
				AA3670162927F79900013BE9 /* Calculator in Frameworks */,
			);
			runOnlyForDeploymentPostprocessing = 0;
		};
		AA366FF22927F6C900013BE9 /* Frameworks */ = {
			isa = PBXFrameworksBuildPhase;
			buildActionMask = 2147483647;
			files = (
			);
			runOnlyForDeploymentPostprocessing = 0;
		};
		AA366FFC2927F6C900013BE9 /* Frameworks */ = {
			isa = PBXFrameworksBuildPhase;
			buildActionMask = 2147483647;
			files = (
			);
			runOnlyForDeploymentPostprocessing = 0;
		};
/* End PBXFrameworksBuildPhase section */

/* Begin PBXGroup section */
		AA366FDC2927F6C800013BE9 = {
			isa = PBXGroup;
			children = (
				AA3670122927F78200013BE9 /* Packages */,
				AA366FE72927F6C800013BE9 /* CalculatorFFIExample-iOS */,
				AA366FF82927F6C900013BE9 /* CalculatorFFIExample-iOSTests */,
				AA3670022927F6C900013BE9 /* CalculatorFFIExample-iOSUITests */,
				AA366FE62927F6C800013BE9 /* Products */,
				AA3670142927F79900013BE9 /* Frameworks */,
			);
			sourceTree = "<group>";
		};
		AA366FE62927F6C800013BE9 /* Products */ = {
			isa = PBXGroup;
			children = (
				AA366FE52927F6C800013BE9 /* CalculatorFFIExample-iOS.app */,
				AA366FF52927F6C900013BE9 /* CalculatorFFIExample-iOSTests.xctest */,
				AA366FFF2927F6C900013BE9 /* CalculatorFFIExample-iOSUITests.xctest */,
			);
			name = Products;
			sourceTree = "<group>";
		};
		AA366FE72927F6C800013BE9 /* CalculatorFFIExample-iOS */ = {
			isa = PBXGroup;
			children = (
				AA366FE82927F6C800013BE9 /* CalculatorFFIExample_iOSApp.swift */,
				AA366FEA2927F6C800013BE9 /* ContentView.swift */,
				AA366FEC2927F6C900013BE9 /* Assets.xcassets */,
				AA366FEE2927F6C900013BE9 /* Preview Content */,
			);
			path = "CalculatorFFIExample-iOS";
			sourceTree = "<group>";
		};
		AA366FEE2927F6C900013BE9 /* Preview Content */ = {
			isa = PBXGroup;
			children = (
				AA366FEF2927F6C900013BE9 /* Preview Assets.xcassets */,
			);
			path = "Preview Content";
			sourceTree = "<group>";
		};
		AA366FF82927F6C900013BE9 /* CalculatorFFIExample-iOSTests */ = {
			isa = PBXGroup;
			children = (
				AA366FF92927F6C900013BE9 /* CalculatorFFIExample_iOSTests.swift */,
			);
			path = "CalculatorFFIExample-iOSTests";
			sourceTree = "<group>";
		};
		AA3670022927F6C900013BE9 /* CalculatorFFIExample-iOSUITests */ = {
			isa = PBXGroup;
			children = (
				AA3670032927F6C900013BE9 /* CalculatorFFIExample_iOSUITests.swift */,
				AA3670052927F6C900013BE9 /* CalculatorFFIExample_iOSUITestsLaunchTests.swift */,
			);
			path = "CalculatorFFIExample-iOSUITests";
			sourceTree = "<group>";
		};
		AA3670122927F78200013BE9 /* Packages */ = {
			isa = PBXGroup;
			children = (
				AA3670132927F78200013BE9 /* calculator-swift */,
			);
			name = Packages;
			sourceTree = "<group>";
		};
		AA3670142927F79900013BE9 /* Frameworks */ = {
			isa = PBXGroup;
			children = (
			);
			name = Frameworks;
			sourceTree = "<group>";
		};
/* End PBXGroup section */

/* Begin PBXNativeTarget section */
		AA366FE42927F6C800013BE9 /* CalculatorFFIExample-iOS */ = {
			isa = PBXNativeTarget;
			buildConfigurationList = AA3670092927F6C900013BE9 /* Build configuration list for PBXNativeTarget "CalculatorFFIExample-iOS" */;
			buildPhases = (
				AA366FE12927F6C800013BE9 /* Sources */,
				AA366FE22927F6C800013BE9 /* Frameworks */,
				AA366FE32927F6C800013BE9 /* Resources */,
			);
			buildRules = (
			);
			dependencies = (
			);
			name = "CalculatorFFIExample-iOS";
			packageProductDependencies = (
				AA3670152927F79900013BE9 /* Calculator */,
			);
			productName = "CalculatorFFIExample-iOS";
			productReference = AA366FE52927F6C800013BE9 /* CalculatorFFIExample-iOS.app */;
			productType = "com.apple.product-type.application";
		};
		AA366FF42927F6C900013BE9 /* CalculatorFFIExample-iOSTests */ = {
			isa = PBXNativeTarget;
			buildConfigurationList = AA36700C2927F6C900013BE9 /* Build configuration list for PBXNativeTarget "CalculatorFFIExample-iOSTests" */;
			buildPhases = (
				AA366FF12927F6C900013BE9 /* Sources */,
				AA366FF22927F6C900013BE9 /* Frameworks */,
				AA366FF32927F6C900013BE9 /* Resources */,
			);
			buildRules = (
			);
			dependencies = (
				AA366FF72927F6C900013BE9 /* PBXTargetDependency */,
			);
			name = "CalculatorFFIExample-iOSTests";
			productName = "CalculatorFFIExample-iOSTests";
			productReference = AA366FF52927F6C900013BE9 /* CalculatorFFIExample-iOSTests.xctest */;
			productType = "com.apple.product-type.bundle.unit-test";
		};
		AA366FFE2927F6C900013BE9 /* CalculatorFFIExample-iOSUITests */ = {
			isa = PBXNativeTarget;
			buildConfigurationList = AA36700F2927F6C900013BE9 /* Build configuration list for PBXNativeTarget "CalculatorFFIExample-iOSUITests" */;
			buildPhases = (
				AA366FFB2927F6C900013BE9 /* Sources */,
				AA366FFC2927F6C900013BE9 /* Frameworks */,
				AA366FFD2927F6C900013BE9 /* Resources */,
			);
			buildRules = (
			);
			dependencies = (
				AA3670012927F6C900013BE9 /* PBXTargetDependency */,
			);
			name = "CalculatorFFIExample-iOSUITests";
			productName = "CalculatorFFIExample-iOSUITests";
			productReference = AA366FFF2927F6C900013BE9 /* CalculatorFFIExample-iOSUITests.xctest */;
			productType = "com.apple.product-type.bundle.ui-testing";
		};
/* End PBXNativeTarget section */

/* Begin PBXProject section */
		AA366FDD2927F6C800013BE9 /* Project object */ = {
			isa = PBXProject;
			attributes = {
				BuildIndependentTargetsInParallel = 1;
				LastSwiftUpdateCheck = 1410;
				LastUpgradeCheck = 1410;
				TargetAttributes = {
					AA366FE42927F6C800013BE9 = {
						CreatedOnToolsVersion = 14.1;
					};
					AA366FF42927F6C900013BE9 = {
						CreatedOnToolsVersion = 14.1;
						TestTargetID = AA366FE42927F6C800013BE9;
					};
					AA366FFE2927F6C900013BE9 = {
						CreatedOnToolsVersion = 14.1;
						TestTargetID = AA366FE42927F6C800013BE9;
					};
				};
			};
			buildConfigurationList = AA366FE02927F6C800013BE9 /* Build configuration list for PBXProject "CalculatorFFIExample-iOS" */;
			compatibilityVersion = "Xcode 14.0";
			developmentRegion = en;
			hasScannedForEncodings = 0;
			knownRegions = (
				en,
				Base,
			);
			mainGroup = AA366FDC2927F6C800013BE9;
			productRefGroup = AA366FE62927F6C800013BE9 /* Products */;
			projectDirPath = "";
			projectRoot = "";
			targets = (
				AA366FE42927F6C800013BE9 /* CalculatorFFIExample-iOS */,
				AA366FF42927F6C900013BE9 /* CalculatorFFIExample-iOSTests */,
				AA366FFE2927F6C900013BE9 /* CalculatorFFIExample-iOSUITests */,
			);
		};
/* End PBXProject section */

/* Begin PBXResourcesBuildPhase section */
		AA366FE32927F6C800013BE9 /* Resources */ = {
			isa = PBXResourcesBuildPhase;
			buildActionMask = 2147483647;
			files = (
				AA366FF02927F6C900013BE9 /* Preview Assets.xcassets in Resources */,
				AA366FED2927F6C900013BE9 /* Assets.xcassets in Resources */,
			);
			runOnlyForDeploymentPostprocessing = 0;
		};
		AA366FF32927F6C900013BE9 /* Resources */ = {
			isa = PBXResourcesBuildPhase;
			buildActionMask = 2147483647;
			files = (
			);
			runOnlyForDeploymentPostprocessing = 0;
		};
		AA366FFD2927F6C900013BE9 /* Resources */ = {
			isa = PBXResourcesBuildPhase;
			buildActionMask = 2147483647;
			files = (
			);
			runOnlyForDeploymentPostprocessing = 0;
		};
/* End PBXResourcesBuildPhase section */

/* Begin PBXSourcesBuildPhase section */
		AA366FE12927F6C800013BE9 /* Sources */ = {
			isa = PBXSourcesBuildPhase;
			buildActionMask = 2147483647;
			files = (
				AA366FEB2927F6C800013BE9 /* ContentView.swift in Sources */,
				AA366FE92927F6C800013BE9 /* CalculatorFFIExample_iOSApp.swift in Sources */,
			);
			runOnlyForDeploymentPostprocessing = 0;
		};
		AA366FF12927F6C900013BE9 /* Sources */ = {
			isa = PBXSourcesBuildPhase;
			buildActionMask = 2147483647;
			files = (
				AA366FFA2927F6C900013BE9 /* CalculatorFFIExample_iOSTests.swift in Sources */,
			);
			runOnlyForDeploymentPostprocessing = 0;
		};
		AA366FFB2927F6C900013BE9 /* Sources */ = {
			isa = PBXSourcesBuildPhase;
			buildActionMask = 2147483647;
			files = (
				AA3670042927F6C900013BE9 /* CalculatorFFIExample_iOSUITests.swift in Sources */,
				AA3670062927F6C900013BE9 /* CalculatorFFIExample_iOSUITestsLaunchTests.swift in Sources */,
			);
			runOnlyForDeploymentPostprocessing = 0;
		};
/* End PBXSourcesBuildPhase section */

/* Begin PBXTargetDependency section */
		AA366FF72927F6C900013BE9 /* PBXTargetDependency */ = {
			isa = PBXTargetDependency;
			target = AA366FE42927F6C800013BE9 /* CalculatorFFIExample-iOS */;
			targetProxy = AA366FF62927F6C900013BE9 /* PBXContainerItemProxy */;
		};
		AA3670012927F6C900013BE9 /* PBXTargetDependency */ = {
			isa = PBXTargetDependency;
			target = AA366FE42927F6C800013BE9 /* CalculatorFFIExample-iOS */;
			targetProxy = AA3670002927F6C900013BE9 /* PBXContainerItemProxy */;
		};
/* End PBXTargetDependency section */

/* Begin XCBuildConfiguration section */
		AA3670072927F6C900013BE9 /* Debug */ = {
			isa = XCBuildConfiguration;
			buildSettings = {
				ALWAYS_SEARCH_USER_PATHS = NO;
				CLANG_ANALYZER_NONNULL = YES;
				CLANG_ANALYZER_NUMBER_OBJECT_CONVERSION = YES_AGGRESSIVE;
				CLANG_CXX_LANGUAGE_STANDARD = "gnu++20";
				CLANG_ENABLE_MODULES = YES;
				CLANG_ENABLE_OBJC_ARC = YES;
				CLANG_ENABLE_OBJC_WEAK = YES;
				CLANG_WARN_BLOCK_CAPTURE_AUTORELEASING = YES;
				CLANG_WARN_BOOL_CONVERSION = YES;
				CLANG_WARN_COMMA = YES;
				CLANG_WARN_CONSTANT_CONVERSION = YES;
				CLANG_WARN_DEPRECATED_OBJC_IMPLEMENTATIONS = YES;
				CLANG_WARN_DIRECT_OBJC_ISA_USAGE = YES_ERROR;
				CLANG_WARN_DOCUMENTATION_COMMENTS = YES;
				CLANG_WARN_EMPTY_BODY = YES;
				CLANG_WARN_ENUM_CONVERSION = YES;
				CLANG_WARN_INFINITE_RECURSION = YES;
				CLANG_WARN_INT_CONVERSION = YES;
				CLANG_WARN_NON_LITERAL_NULL_CONVERSION = YES;
				CLANG_WARN_OBJC_IMPLICIT_RETAIN_SELF = YES;
				CLANG_WARN_OBJC_LITERAL_CONVERSION = YES;
				CLANG_WARN_OBJC_ROOT_CLASS = YES_ERROR;
				CLANG_WARN_QUOTED_INCLUDE_IN_FRAMEWORK_HEADER = YES;
				CLANG_WARN_RANGE_LOOP_ANALYSIS = YES;
				CLANG_WARN_STRICT_PROTOTYPES = YES;
				CLANG_WARN_SUSPICIOUS_MOVE = YES;
				CLANG_WARN_UNGUARDED_AVAILABILITY = YES_AGGRESSIVE;
				CLANG_WARN_UNREACHABLE_CODE = YES;
				CLANG_WARN__DUPLICATE_METHOD_MATCH = YES;
				COPY_PHASE_STRIP = NO;
				DEBUG_INFORMATION_FORMAT = dwarf;
				ENABLE_STRICT_OBJC_MSGSEND = YES;
				ENABLE_TESTABILITY = YES;
				GCC_C_LANGUAGE_STANDARD = gnu11;
				GCC_DYNAMIC_NO_PIC = NO;
				GCC_NO_COMMON_BLOCKS = YES;
				GCC_OPTIMIZATION_LEVEL = 0;
				GCC_PREPROCESSOR_DEFINITIONS = (
					"DEBUG=1",
					"$(inherited)",
				);
				GCC_WARN_64_TO_32_BIT_CONVERSION = YES;
				GCC_WARN_ABOUT_RETURN_TYPE = YES_ERROR;
				GCC_WARN_UNDECLARED_SELECTOR = YES;
				GCC_WARN_UNINITIALIZED_AUTOS = YES_AGGRESSIVE;
				GCC_WARN_UNUSED_FUNCTION = YES;
				GCC_WARN_UNUSED_VARIABLE = YES;
				IPHONEOS_DEPLOYMENT_TARGET = 16.1;
				MTL_ENABLE_DEBUG_INFO = INCLUDE_SOURCE;
				MTL_FAST_MATH = YES;
				ONLY_ACTIVE_ARCH = YES;
				SDKROOT = iphoneos;
				SWIFT_ACTIVE_COMPILATION_CONDITIONS = DEBUG;
				SWIFT_OPTIMIZATION_LEVEL = "-Onone";
			};
			name = Debug;
		};
		AA3670082927F6C900013BE9 /* Release */ = {
			isa = XCBuildConfiguration;
			buildSettings = {
				ALWAYS_SEARCH_USER_PATHS = NO;
				CLANG_ANALYZER_NONNULL = YES;
				CLANG_ANALYZER_NUMBER_OBJECT_CONVERSION = YES_AGGRESSIVE;
				CLANG_CXX_LANGUAGE_STANDARD = "gnu++20";
				CLANG_ENABLE_MODULES = YES;
				CLANG_ENABLE_OBJC_ARC = YES;
				CLANG_ENABLE_OBJC_WEAK = YES;
				CLANG_WARN_BLOCK_CAPTURE_AUTORELEASING = YES;
				CLANG_WARN_BOOL_CONVERSION = YES;
				CLANG_WARN_COMMA = YES;
				CLANG_WARN_CONSTANT_CONVERSION = YES;
				CLANG_WARN_DEPRECATED_OBJC_IMPLEMENTATIONS = YES;
				CLANG_WARN_DIRECT_OBJC_ISA_USAGE = YES_ERROR;
				CLANG_WARN_DOCUMENTATION_COMMENTS = YES;
				CLANG_WARN_EMPTY_BODY = YES;
				CLANG_WARN_ENUM_CONVERSION = YES;
				CLANG_WARN_INFINITE_RECURSION = YES;
				CLANG_WARN_INT_CONVERSION = YES;
				CLANG_WARN_NON_LITERAL_NULL_CONVERSION = YES;
				CLANG_WARN_OBJC_IMPLICIT_RETAIN_SELF = YES;
				CLANG_WARN_OBJC_LITERAL_CONVERSION = YES;
				CLANG_WARN_OBJC_ROOT_CLASS = YES_ERROR;
				CLANG_WARN_QUOTED_INCLUDE_IN_FRAMEWORK_HEADER = YES;
				CLANG_WARN_RANGE_LOOP_ANALYSIS = YES;
				CLANG_WARN_STRICT_PROTOTYPES = YES;
				CLANG_WARN_SUSPICIOUS_MOVE = YES;
				CLANG_WARN_UNGUARDED_AVAILABILITY = YES_AGGRESSIVE;
				CLANG_WARN_UNREACHABLE_CODE = YES;
				CLANG_WARN__DUPLICATE_METHOD_MATCH = YES;
				COPY_PHASE_STRIP = NO;
				DEBUG_INFORMATION_FORMAT = "dwarf-with-dsym";
				ENABLE_NS_ASSERTIONS = NO;
				ENABLE_STRICT_OBJC_MSGSEND = YES;
				GCC_C_LANGUAGE_STANDARD = gnu11;
				GCC_NO_COMMON_BLOCKS = YES;
				GCC_WARN_64_TO_32_BIT_CONVERSION = YES;
				GCC_WARN_ABOUT_RETURN_TYPE = YES_ERROR;
				GCC_WARN_UNDECLARED_SELECTOR = YES;
				GCC_WARN_UNINITIALIZED_AUTOS = YES_AGGRESSIVE;
				GCC_WARN_UNUSED_FUNCTION = YES;
				GCC_WARN_UNUSED_VARIABLE = YES;
				IPHONEOS_DEPLOYMENT_TARGET = 16.1;
				MTL_ENABLE_DEBUG_INFO = NO;
				MTL_FAST_MATH = YES;
				SDKROOT = iphoneos;
				SWIFT_COMPILATION_MODE = wholemodule;
				SWIFT_OPTIMIZATION_LEVEL = "-O";
				VALIDATE_PRODUCT = YES;
			};
			name = Release;
		};
		AA36700A2927F6C900013BE9 /* Debug */ = {
			isa = XCBuildConfiguration;
			buildSettings = {
				ASSETCATALOG_COMPILER_APPICON_NAME = AppIcon;
				ASSETCATALOG_COMPILER_GLOBAL_ACCENT_COLOR_NAME = AccentColor;
				CODE_SIGN_STYLE = Automatic;
				CURRENT_PROJECT_VERSION = 1;
				DEVELOPMENT_ASSET_PATHS = "\"CalculatorFFIExample-iOS/Preview Content\"";
				DEVELOPMENT_TEAM = GAU324YPR8;
				ENABLE_PREVIEWS = YES;
				GENERATE_INFOPLIST_FILE = YES;
				INFOPLIST_KEY_UIApplicationSceneManifest_Generation = YES;
				INFOPLIST_KEY_UIApplicationSupportsIndirectInputEvents = YES;
				INFOPLIST_KEY_UILaunchScreen_Generation = YES;
				INFOPLIST_KEY_UISupportedInterfaceOrientations_iPad = "UIInterfaceOrientationPortrait UIInterfaceOrientationPortraitUpsideDown UIInterfaceOrientationLandscapeLeft UIInterfaceOrientationLandscapeRight";
				INFOPLIST_KEY_UISupportedInterfaceOrientations_iPhone = "UIInterfaceOrientationPortrait UIInterfaceOrientationLandscapeLeft UIInterfaceOrientationLandscapeRight";
				LD_RUNPATH_SEARCH_PATHS = (
					"$(inherited)",
					"@executable_path/Frameworks",
				);
				MARKETING_VERSION = 1.0;
				PRODUCT_BUNDLE_IDENTIFIER = "org.thunderbiscuit.CalculatorFFIExample-iOS";
				PRODUCT_NAME = "$(TARGET_NAME)";
				SWIFT_EMIT_LOC_STRINGS = YES;
				SWIFT_VERSION = 5.0;
				TARGETED_DEVICE_FAMILY = "1,2";
			};
			name = Debug;
		};
		AA36700B2927F6C900013BE9 /* Release */ = {
			isa = XCBuildConfiguration;
			buildSettings = {
				ASSETCATALOG_COMPILER_APPICON_NAME = AppIcon;
				ASSETCATALOG_COMPILER_GLOBAL_ACCENT_COLOR_NAME = AccentColor;
				CODE_SIGN_STYLE = Automatic;
				CURRENT_PROJECT_VERSION = 1;
				DEVELOPMENT_ASSET_PATHS = "\"CalculatorFFIExample-iOS/Preview Content\"";
				DEVELOPMENT_TEAM = GAU324YPR8;
				ENABLE_PREVIEWS = YES;
				GENERATE_INFOPLIST_FILE = YES;
				INFOPLIST_KEY_UIApplicationSceneManifest_Generation = YES;
				INFOPLIST_KEY_UIApplicationSupportsIndirectInputEvents = YES;
				INFOPLIST_KEY_UILaunchScreen_Generation = YES;
				INFOPLIST_KEY_UISupportedInterfaceOrientations_iPad = "UIInterfaceOrientationPortrait UIInterfaceOrientationPortraitUpsideDown UIInterfaceOrientationLandscapeLeft UIInterfaceOrientationLandscapeRight";
				INFOPLIST_KEY_UISupportedInterfaceOrientations_iPhone = "UIInterfaceOrientationPortrait UIInterfaceOrientationLandscapeLeft UIInterfaceOrientationLandscapeRight";
				LD_RUNPATH_SEARCH_PATHS = (
					"$(inherited)",
					"@executable_path/Frameworks",
				);
				MARKETING_VERSION = 1.0;
				PRODUCT_BUNDLE_IDENTIFIER = "org.thunderbiscuit.CalculatorFFIExample-iOS";
				PRODUCT_NAME = "$(TARGET_NAME)";
				SWIFT_EMIT_LOC_STRINGS = YES;
				SWIFT_VERSION = 5.0;
				TARGETED_DEVICE_FAMILY = "1,2";
			};
			name = Release;
		};
		AA36700D2927F6C900013BE9 /* Debug */ = {
			isa = XCBuildConfiguration;
			buildSettings = {
				ALWAYS_EMBED_SWIFT_STANDARD_LIBRARIES = YES;
				BUNDLE_LOADER = "$(TEST_HOST)";
				CODE_SIGN_STYLE = Automatic;
				CURRENT_PROJECT_VERSION = 1;
				DEVELOPMENT_TEAM = GAU324YPR8;
				GENERATE_INFOPLIST_FILE = YES;
				IPHONEOS_DEPLOYMENT_TARGET = 16.1;
				MARKETING_VERSION = 1.0;
				PRODUCT_BUNDLE_IDENTIFIER = "org.thunderbiscuit.CalculatorFFIExample-iOSTests";
				PRODUCT_NAME = "$(TARGET_NAME)";
				SWIFT_EMIT_LOC_STRINGS = NO;
				SWIFT_VERSION = 5.0;
				TARGETED_DEVICE_FAMILY = "1,2";
				TEST_HOST = "$(BUILT_PRODUCTS_DIR)/CalculatorFFIExample-iOS.app/$(BUNDLE_EXECUTABLE_FOLDER_PATH)/CalculatorFFIExample-iOS";
			};
			name = Debug;
		};
		AA36700E2927F6C900013BE9 /* Release */ = {
			isa = XCBuildConfiguration;
			buildSettings = {
				ALWAYS_EMBED_SWIFT_STANDARD_LIBRARIES = YES;
				BUNDLE_LOADER = "$(TEST_HOST)";
				CODE_SIGN_STYLE = Automatic;
				CURRENT_PROJECT_VERSION = 1;
				DEVELOPMENT_TEAM = GAU324YPR8;
				GENERATE_INFOPLIST_FILE = YES;
				IPHONEOS_DEPLOYMENT_TARGET = 16.1;
				MARKETING_VERSION = 1.0;
				PRODUCT_BUNDLE_IDENTIFIER = "org.thunderbiscuit.CalculatorFFIExample-iOSTests";
				PRODUCT_NAME = "$(TARGET_NAME)";
				SWIFT_EMIT_LOC_STRINGS = NO;
				SWIFT_VERSION = 5.0;
				TARGETED_DEVICE_FAMILY = "1,2";
				TEST_HOST = "$(BUILT_PRODUCTS_DIR)/CalculatorFFIExample-iOS.app/$(BUNDLE_EXECUTABLE_FOLDER_PATH)/CalculatorFFIExample-iOS";
			};
			name = Release;
		};
		AA3670102927F6C900013BE9 /* Debug */ = {
			isa = XCBuildConfiguration;
			buildSettings = {
				ALWAYS_EMBED_SWIFT_STANDARD_LIBRARIES = YES;
				CODE_SIGN_STYLE = Automatic;
				CURRENT_PROJECT_VERSION = 1;
				DEVELOPMENT_TEAM = GAU324YPR8;
				GENERATE_INFOPLIST_FILE = YES;
				MARKETING_VERSION = 1.0;
				PRODUCT_BUNDLE_IDENTIFIER = "org.thunderbiscuit.CalculatorFFIExample-iOSUITests";
				PRODUCT_NAME = "$(TARGET_NAME)";
				SWIFT_EMIT_LOC_STRINGS = NO;
				SWIFT_VERSION = 5.0;
				TARGETED_DEVICE_FAMILY = "1,2";
				TEST_TARGET_NAME = "CalculatorFFIExample-iOS";
			};
			name = Debug;
		};
		AA3670112927F6C900013BE9 /* Release */ = {
			isa = XCBuildConfiguration;
			buildSettings = {
				ALWAYS_EMBED_SWIFT_STANDARD_LIBRARIES = YES;
				CODE_SIGN_STYLE = Automatic;
				CURRENT_PROJECT_VERSION = 1;
				DEVELOPMENT_TEAM = GAU324YPR8;
				GENERATE_INFOPLIST_FILE = YES;
				MARKETING_VERSION = 1.0;
				PRODUCT_BUNDLE_IDENTIFIER = "org.thunderbiscuit.CalculatorFFIExample-iOSUITests";
				PRODUCT_NAME = "$(TARGET_NAME)";
				SWIFT_EMIT_LOC_STRINGS = NO;
				SWIFT_VERSION = 5.0;
				TARGETED_DEVICE_FAMILY = "1,2";
				TEST_TARGET_NAME = "CalculatorFFIExample-iOS";
			};
			name = Release;
		};
/* End XCBuildConfiguration section */

/* Begin XCConfigurationList section */
		AA366FE02927F6C800013BE9 /* Build configuration list for PBXProject "CalculatorFFIExample-iOS" */ = {
			isa = XCConfigurationList;
			buildConfigurations = (
				AA3670072927F6C900013BE9 /* Debug */,
				AA3670082927F6C900013BE9 /* Release */,
			);
			defaultConfigurationIsVisible = 0;
			defaultConfigurationName = Release;
		};
		AA3670092927F6C900013BE9 /* Build configuration list for PBXNativeTarget "CalculatorFFIExample-iOS" */ = {
			isa = XCConfigurationList;
			buildConfigurations = (
				AA36700A2927F6C900013BE9 /* Debug */,
				AA36700B2927F6C900013BE9 /* Release */,
			);
			defaultConfigurationIsVisible = 0;
			defaultConfigurationName = Release;
		};
		AA36700C2927F6C900013BE9 /* Build configuration list for PBXNativeTarget "CalculatorFFIExample-iOSTests" */ = {
			isa = XCConfigurationList;
			buildConfigurations = (
				AA36700D2927F6C900013BE9 /* Debug */,
				AA36700E2927F6C900013BE9 /* Release */,
			);
			defaultConfigurationIsVisible = 0;
			defaultConfigurationName = Release;
		};
		AA36700F2927F6C900013BE9 /* Build configuration list for PBXNativeTarget "CalculatorFFIExample-iOSUITests" */ = {
			isa = XCConfigurationList;
			buildConfigurations = (
				AA3670102927F6C900013BE9 /* Debug */,
				AA3670112927F6C900013BE9 /* Release */,
			);
			defaultConfigurationIsVisible = 0;
			defaultConfigurationName = Release;
		};
/* End XCConfigurationList section */

/* Begin XCSwiftPackageProductDependency section */
		AA3670152927F79900013BE9 /* Calculator */ = {
			isa = XCSwiftPackageProductDependency;
			productName = Calculator;
		};
/* End XCSwiftPackageProductDependency section */
	};
	rootObject = AA366FDD2927F6C800013BE9 /* Project object */;
}
